// !$*UTF8*$!
{
	archiveVersion = 1;
	classes = {
	};
	objectVersion = 46;
	objects = {

/* Begin PBXBuildFile section */
		53FF842C0C5E3F39500571A2 /* Pods_Snappy_Snaps.framework in Frameworks */ = {isa = PBXBuildFile; fileRef = 8B03C289B85E3F7ED541594B /* Pods_Snappy_Snaps.framework */; };
		9B2E7C231EC9478D0059B733 /* AppDelegate.swift in Sources */ = {isa = PBXBuildFile; fileRef = 9B2E7C221EC9478D0059B733 /* AppDelegate.swift */; };
		9B2E7C251EC9478D0059B733 /* ViewController.swift in Sources */ = {isa = PBXBuildFile; fileRef = 9B2E7C241EC9478D0059B733 /* ViewController.swift */; };
		9B2E7C281EC9478D0059B733 /* Main.storyboard in Resources */ = {isa = PBXBuildFile; fileRef = 9B2E7C261EC9478D0059B733 /* Main.storyboard */; };
		9B2E7C2B1EC9478D0059B733 /* Snappy_Snaps.xcdatamodeld in Sources */ = {isa = PBXBuildFile; fileRef = 9B2E7C291EC9478D0059B733 /* Snappy_Snaps.xcdatamodeld */; };
		9B2E7C2D1EC9478D0059B733 /* Assets.xcassets in Resources */ = {isa = PBXBuildFile; fileRef = 9B2E7C2C1EC9478D0059B733 /* Assets.xcassets */; };
		9B2E7C301EC9478D0059B733 /* LaunchScreen.storyboard in Resources */ = {isa = PBXBuildFile; fileRef = 9B2E7C2E1EC9478D0059B733 /* LaunchScreen.storyboard */; };
		9B2E7C381EC948FE0059B733 /* GoogleService-Info.plist in Resources */ = {isa = PBXBuildFile; fileRef = 9B2E7C371EC948FE0059B733 /* GoogleService-Info.plist */; };
/* End PBXBuildFile section */

/* Begin PBXFileReference section */
		153B1AD1C0EB62FA5D8979D8 /* Pods-Snappy Snaps.release.xcconfig */ = {isa = PBXFileReference; includeInIndex = 1; lastKnownFileType = text.xcconfig; name = "Pods-Snappy Snaps.release.xcconfig"; path = "Pods/Target Support Files/Pods-Snappy Snaps/Pods-Snappy Snaps.release.xcconfig"; sourceTree = "<group>"; };
		7BABB7479B9F2157411A7AAD /* Pods-Snappy Snaps.debug.xcconfig */ = {isa = PBXFileReference; includeInIndex = 1; lastKnownFileType = text.xcconfig; name = "Pods-Snappy Snaps.debug.xcconfig"; path = "Pods/Target Support Files/Pods-Snappy Snaps/Pods-Snappy Snaps.debug.xcconfig"; sourceTree = "<group>"; };
		8B03C289B85E3F7ED541594B /* Pods_Snappy_Snaps.framework */ = {isa = PBXFileReference; explicitFileType = wrapper.framework; includeInIndex = 0; path = Pods_Snappy_Snaps.framework; sourceTree = BUILT_PRODUCTS_DIR; };
		9B2E7C1F1EC9478D0059B733 /* Snappy Snaps.app */ = {isa = PBXFileReference; explicitFileType = wrapper.application; includeInIndex = 0; path = "Snappy Snaps.app"; sourceTree = BUILT_PRODUCTS_DIR; };
		9B2E7C221EC9478D0059B733 /* AppDelegate.swift */ = {isa = PBXFileReference; lastKnownFileType = sourcecode.swift; path = AppDelegate.swift; sourceTree = "<group>"; };
		9B2E7C241EC9478D0059B733 /* ViewController.swift */ = {isa = PBXFileReference; lastKnownFileType = sourcecode.swift; path = ViewController.swift; sourceTree = "<group>"; };
		9B2E7C271EC9478D0059B733 /* Base */ = {isa = PBXFileReference; lastKnownFileType = file.storyboard; name = Base; path = Base.lproj/Main.storyboard; sourceTree = "<group>"; };
		9B2E7C2A1EC9478D0059B733 /* Snappy_Snaps.xcdatamodel */ = {isa = PBXFileReference; lastKnownFileType = wrapper.xcdatamodel; path = Snappy_Snaps.xcdatamodel; sourceTree = "<group>"; };
		9B2E7C2C1EC9478D0059B733 /* Assets.xcassets */ = {isa = PBXFileReference; lastKnownFileType = folder.assetcatalog; path = Assets.xcassets; sourceTree = "<group>"; };
		9B2E7C2F1EC9478D0059B733 /* Base */ = {isa = PBXFileReference; lastKnownFileType = file.storyboard; name = Base; path = Base.lproj/LaunchScreen.storyboard; sourceTree = "<group>"; };
		9B2E7C311EC9478D0059B733 /* Info.plist */ = {isa = PBXFileReference; lastKnownFileType = text.plist.xml; path = Info.plist; sourceTree = "<group>"; };
		9B2E7C371EC948FE0059B733 /* GoogleService-Info.plist */ = {isa = PBXFileReference; fileEncoding = 4; lastKnownFileType = text.plist.xml; path = "GoogleService-Info.plist"; sourceTree = "<group>"; };
/* End PBXFileReference section */

/* Begin PBXFrameworksBuildPhase section */
		9B2E7C1C1EC9478D0059B733 /* Frameworks */ = {
			isa = PBXFrameworksBuildPhase;
			buildActionMask = 2147483647;
			files = (
				53FF842C0C5E3F39500571A2 /* Pods_Snappy_Snaps.framework in Frameworks */,
			);
			runOnlyForDeploymentPostprocessing = 0;
		};
/* End PBXFrameworksBuildPhase section */

/* Begin PBXGroup section */
		272C76E8D00B0A2822669740 /* Pods */ = {
			isa = PBXGroup;
			children = (
				7BABB7479B9F2157411A7AAD /* Pods-Snappy Snaps.debug.xcconfig */,
				153B1AD1C0EB62FA5D8979D8 /* Pods-Snappy Snaps.release.xcconfig */,
			);
			name = Pods;
			sourceTree = "<group>";
		};
		862D5CC3B5DE1DAA10CE602C /* Frameworks */ = {
			isa = PBXGroup;
			children = (
				8B03C289B85E3F7ED541594B /* Pods_Snappy_Snaps.framework */,
			);
			name = Frameworks;
			sourceTree = "<group>";
		};
		9B2E7C161EC9478D0059B733 = {
			isa = PBXGroup;
			children = (
				9B2E7C211EC9478D0059B733 /* Snappy Snaps */,
				9B2E7C201EC9478D0059B733 /* Products */,
				272C76E8D00B0A2822669740 /* Pods */,
				862D5CC3B5DE1DAA10CE602C /* Frameworks */,
			);
			sourceTree = "<group>";
		};
		9B2E7C201EC9478D0059B733 /* Products */ = {
			isa = PBXGroup;
			children = (
				9B2E7C1F1EC9478D0059B733 /* Snappy Snaps.app */,
			);
			name = Products;
			sourceTree = "<group>";
		};
		9B2E7C211EC9478D0059B733 /* Snappy Snaps */ = {
			isa = PBXGroup;
			children = (
				9B2E7C221EC9478D0059B733 /* AppDelegate.swift */,
				9B2E7C241EC9478D0059B733 /* ViewController.swift */,
				9B2E7C261EC9478D0059B733 /* Main.storyboard */,
				9B2E7C2C1EC9478D0059B733 /* Assets.xcassets */,
				9B2E7C2E1EC9478D0059B733 /* LaunchScreen.storyboard */,
				9B2E7C311EC9478D0059B733 /* Info.plist */,
				9B2E7C291EC9478D0059B733 /* Snappy_Snaps.xcdatamodeld */,
				9B2E7C371EC948FE0059B733 /* GoogleService-Info.plist */,
			);
			path = "Snappy Snaps";
			sourceTree = "<group>";
		};
/* End PBXGroup section */

/* Begin PBXNativeTarget section */
		9B2E7C1E1EC9478D0059B733 /* Snappy Snaps */ = {
			isa = PBXNativeTarget;
			buildConfigurationList = 9B2E7C341EC9478D0059B733 /* Build configuration list for PBXNativeTarget "Snappy Snaps" */;
			buildPhases = (
				444E577C63D926C839F53878 /* [CP] Check Pods Manifest.lock */,
				9B2E7C1B1EC9478D0059B733 /* Sources */,
				9B2E7C1C1EC9478D0059B733 /* Frameworks */,
				9B2E7C1D1EC9478D0059B733 /* Resources */,
				5DAE013AA4966998252B1D77 /* [CP] Embed Pods Frameworks */,
				B4B3CCC4EF481F667D06E384 /* [CP] Copy Pods Resources */,
			);
			buildRules = (
			);
			dependencies = (
			);
			name = "Snappy Snaps";
			productName = "Snappy Snaps";
			productReference = 9B2E7C1F1EC9478D0059B733 /* Snappy Snaps.app */;
			productType = "com.apple.product-type.application";
		};
/* End PBXNativeTarget section */

/* Begin PBXProject section */
		9B2E7C171EC9478D0059B733 /* Project object */ = {
			isa = PBXProject;
			attributes = {
				LastSwiftUpdateCheck = 0820;
				LastUpgradeCheck = 0820;
				ORGANIZATIONNAME = "Andrew VanDamme";
				TargetAttributes = {
					9B2E7C1E1EC9478D0059B733 = {
						CreatedOnToolsVersion = 8.2.1;
						DevelopmentTeam = N5BPQ5474D;
						ProvisioningStyle = Automatic;
					};
				};
			};
			buildConfigurationList = 9B2E7C1A1EC9478D0059B733 /* Build configuration list for PBXProject "Snappy Snaps" */;
			compatibilityVersion = "Xcode 3.2";
			developmentRegion = English;
			hasScannedForEncodings = 0;
			knownRegions = (
				en,
				Base,
			);
			mainGroup = 9B2E7C161EC9478D0059B733;
			productRefGroup = 9B2E7C201EC9478D0059B733 /* Products */;
			projectDirPath = "";
			projectRoot = "";
			targets = (
				9B2E7C1E1EC9478D0059B733 /* Snappy Snaps */,
			);
		};
/* End PBXProject section */

/* Begin PBXResourcesBuildPhase section */
		9B2E7C1D1EC9478D0059B733 /* Resources */ = {
			isa = PBXResourcesBuildPhase;
			buildActionMask = 2147483647;
			files = (
				9B2E7C301EC9478D0059B733 /* LaunchScreen.storyboard in Resources */,
				9B2E7C381EC948FE0059B733 /* GoogleService-Info.plist in Resources */,
				9B2E7C2D1EC9478D0059B733 /* Assets.xcassets in Resources */,
				9B2E7C281EC9478D0059B733 /* Main.storyboard in Resources */,
			);
			runOnlyForDeploymentPostprocessing = 0;
		};
/* End PBXResourcesBuildPhase section */

/* Begin PBXShellScriptBuildPhase section */
		444E577C63D926C839F53878 /* [CP] Check Pods Manifest.lock */ = {
			isa = PBXShellScriptBuildPhase;
			buildActionMask = 2147483647;
			files = (
			);
			inputPaths = (
			);
			name = "[CP] Check Pods Manifest.lock";
			outputPaths = (
			);
			runOnlyForDeploymentPostprocessing = 0;
			shellPath = /bin/sh;
			shellScript = "diff \"${PODS_PODFILE_DIR_PATH}/Podfile.lock\" \"${PODS_ROOT}/Manifest.lock\" > /dev/null\nif [ $? != 0 ] ; then\n    # print error to STDERR\n    echo \"error: The sandbox is not in sync with the Podfile.lock. Run 'pod install' or update your CocoaPods installation.\" >&2\n    exit 1\nfi\n";
			showEnvVarsInLog = 0;
		};
		5DAE013AA4966998252B1D77 /* [CP] Embed Pods Frameworks */ = {
			isa = PBXShellScriptBuildPhase;
			buildActionMask = 2147483647;
			files = (
			);
			inputPaths = (
			);
			name = "[CP] Embed Pods Frameworks";
			outputPaths = (
			);
			runOnlyForDeploymentPostprocessing = 0;
			shellPath = /bin/sh;
			shellScript = "\"${SRCROOT}/Pods/Target Support Files/Pods-Snappy Snaps/Pods-Snappy Snaps-frameworks.sh\"\n";
			showEnvVarsInLog = 0;
		};
		B4B3CCC4EF481F667D06E384 /* [CP] Copy Pods Resources */ = {
			isa = PBXShellScriptBuildPhase;
			buildActionMask = 2147483647;
			files = (
			);
			inputPaths = (
			);
			name = "[CP] Copy Pods Resources";
			outputPaths = (
			);
			runOnlyForDeploymentPostprocessing = 0;
			shellPath = /bin/sh;
			shellScript = "\"${SRCROOT}/Pods/Target Support Files/Pods-Snappy Snaps/Pods-Snappy Snaps-resources.sh\"\n";
			showEnvVarsInLog = 0;
		};
/* End PBXShellScriptBuildPhase section */

/* Begin PBXSourcesBuildPhase section */
		9B2E7C1B1EC9478D0059B733 /* Sources */ = {
			isa = PBXSourcesBuildPhase;
			buildActionMask = 2147483647;
			files = (
				9B2E7C251EC9478D0059B733 /* ViewController.swift in Sources */,
				9B2E7C231EC9478D0059B733 /* AppDelegate.swift in Sources */,
				9B2E7C2B1EC9478D0059B733 /* Snappy_Snaps.xcdatamodeld in Sources */,
			);
			runOnlyForDeploymentPostprocessing = 0;
		};
/* End PBXSourcesBuildPhase section */

/* Begin PBXVariantGroup section */
		9B2E7C261EC9478D0059B733 /* Main.storyboard */ = {
			isa = PBXVariantGroup;
			children = (
				9B2E7C271EC9478D0059B733 /* Base */,
			);
			name = Main.storyboard;
			sourceTree = "<group>";
		};
		9B2E7C2E1EC9478D0059B733 /* LaunchScreen.storyboard */ = {
			isa = PBXVariantGroup;
			children = (
				9B2E7C2F1EC9478D0059B733 /* Base */,
			);
			name = LaunchScreen.storyboard;
			sourceTree = "<group>";
		};
/* End PBXVariantGroup section */

/* Begin XCBuildConfiguration section */
		9B2E7C321EC9478D0059B733 /* Debug */ = {
			isa = XCBuildConfiguration;
			buildSettings = {
				ALWAYS_SEARCH_USER_PATHS = NO;
				CLANG_ANALYZER_NONNULL = YES;
				CLANG_CXX_LANGUAGE_STANDARD = "gnu++0x";
				CLANG_CXX_LIBRARY = "libc++";
				CLANG_ENABLE_MODULES = YES;
				CLANG_ENABLE_OBJC_ARC = YES;
				CLANG_WARN_BOOL_CONVERSION = YES;
				CLANG_WARN_CONSTANT_CONVERSION = YES;
				CLANG_WARN_DIRECT_OBJC_ISA_USAGE = YES_ERROR;
				CLANG_WARN_DOCUMENTATION_COMMENTS = YES;
				CLANG_WARN_EMPTY_BODY = YES;
				CLANG_WARN_ENUM_CONVERSION = YES;
				CLANG_WARN_INFINITE_RECURSION = YES;
				CLANG_WARN_INT_CONVERSION = YES;
				CLANG_WARN_OBJC_ROOT_CLASS = YES_ERROR;
				CLANG_WARN_SUSPICIOUS_MOVE = YES;
				CLANG_WARN_UNREACHABLE_CODE = YES;
				CLANG_WARN__DUPLICATE_METHOD_MATCH = YES;
				"CODE_SIGN_IDENTITY[sdk=iphoneos*]" = "iPhone Developer";
				COPY_PHASE_STRIP = NO;
				DEBUG_INFORMATION_FORMAT = dwarf;
				ENABLE_STRICT_OBJC_MSGSEND = YES;
				ENABLE_TESTABILITY = YES;
				GCC_C_LANGUAGE_STANDARD = gnu99;
				GCC_DYNAMIC_NO_PIC = NO;
				GCC_NO_COMMON_BLOCKS = YES;
				GCC_OPTIMIZATION_LEVEL = 0;
				GCC_PREPROCESSOR_DEFINITIONS = (
					"DEBUG=1",
					"$(inherited)",
				);
				GCC_WARN_64_TO_32_BIT_CONVERSION = YES;
				GCC_WARN_ABOUT_RETURN_TYPE = YES_ERROR;
				GCC_WARN_UNDECLARED_SELECTOR = YES;
				GCC_WARN_UNINITIALIZED_AUTOS = YES_AGGRESSIVE;
				GCC_WARN_UNUSED_FUNCTION = YES;
				GCC_WARN_UNUSED_VARIABLE = YES;
				IPHONEOS_DEPLOYMENT_TARGET = 10.2;
				MTL_ENABLE_DEBUG_INFO = YES;
				ONLY_ACTIVE_ARCH = YES;
				SDKROOT = iphoneos;
				SWIFT_ACTIVE_COMPILATION_CONDITIONS = DEBUG;
				SWIFT_OPTIMIZATION_LEVEL = "-Onone";
				TARGETED_DEVICE_FAMILY = "1,2";
			};
			name = Debug;
		};
		9B2E7C331EC9478D0059B733 /* Release */ = {
			isa = XCBuildConfiguration;
			buildSettings = {
				ALWAYS_SEARCH_USER_PATHS = NO;
				CLANG_ANALYZER_NONNULL = YES;
				CLANG_CXX_LANGUAGE_STANDARD = "gnu++0x";
				CLANG_CXX_LIBRARY = "libc++";
				CLANG_ENABLE_MODULES = YES;
				CLANG_ENABLE_OBJC_ARC = YES;
				CLANG_WARN_BOOL_CONVERSION = YES;
				CLANG_WARN_CONSTANT_CONVERSION = YES;
				CLANG_WARN_DIRECT_OBJC_ISA_USAGE = YES_ERROR;
				CLANG_WARN_DOCUMENTATION_COMMENTS = YES;
				CLANG_WARN_EMPTY_BODY = YES;
				CLANG_WARN_ENUM_CONVERSION = YES;
				CLANG_WARN_INFINITE_RECURSION = YES;
				CLANG_WARN_INT_CONVERSION = YES;
				CLANG_WARN_OBJC_ROOT_CLASS = YES_ERROR;
				CLANG_WARN_SUSPICIOUS_MOVE = YES;
				CLANG_WARN_UNREACHABLE_CODE = YES;
				CLANG_WARN__DUPLICATE_METHOD_MATCH = YES;
				"CODE_SIGN_IDENTITY[sdk=iphoneos*]" = "iPhone Developer";
				COPY_PHASE_STRIP = NO;
				DEBUG_INFORMATION_FORMAT = "dwarf-with-dsym";
				ENABLE_NS_ASSERTIONS = NO;
				ENABLE_STRICT_OBJC_MSGSEND = YES;
				GCC_C_LANGUAGE_STANDARD = gnu99;
				GCC_NO_COMMON_BLOCKS = YES;
				GCC_WARN_64_TO_32_BIT_CONVERSION = YES;
				GCC_WARN_ABOUT_RETURN_TYPE = YES_ERROR;
				GCC_WARN_UNDECLARED_SELECTOR = YES;
				GCC_WARN_UNINITIALIZED_AUTOS = YES_AGGRESSIVE;
				GCC_WARN_UNUSED_FUNCTION = YES;
				GCC_WARN_UNUSED_VARIABLE = YES;
				IPHONEOS_DEPLOYMENT_TARGET = 10.2;
				MTL_ENABLE_DEBUG_INFO = NO;
				SDKROOT = iphoneos;
				SWIFT_OPTIMIZATION_LEVEL = "-Owholemodule";
				TARGETED_DEVICE_FAMILY = "1,2";
				VALIDATE_PRODUCT = YES;
			};
			name = Release;
		};
		9B2E7C351EC9478D0059B733 /* Debug */ = {
			isa = XCBuildConfiguration;
			baseConfigurationReference = 7BABB7479B9F2157411A7AAD /* Pods-Snappy Snaps.debug.xcconfig */;
			buildSettings = {
				ASSETCATALOG_COMPILER_APPICON_NAME = AppIcon;
				DEVELOPMENT_TEAM = N5BPQ5474D;
				INFOPLIST_FILE = "Snappy Snaps/Info.plist";
				LD_RUNPATH_SEARCH_PATHS = "$(inherited) @executable_path/Frameworks";
				PRODUCT_BUNDLE_IDENTIFIER = "AV.Snappy-Snaps";
				PRODUCT_NAME = "$(TARGET_NAME)";
				SWIFT_VERSION = 3.0;
			};
			name = Debug;
		};
		9B2E7C361EC9478D0059B733 /* Release */ = {
			isa = XCBuildConfiguration;
			baseConfigurationReference = 153B1AD1C0EB62FA5D8979D8 /* Pods-Snappy Snaps.release.xcconfig */;
			buildSettings = {
				ASSETCATALOG_COMPILER_APPICON_NAME = AppIcon;
				DEVELOPMENT_TEAM = N5BPQ5474D;
				INFOPLIST_FILE = "Snappy Snaps/Info.plist";
				LD_RUNPATH_SEARCH_PATHS = "$(inherited) @executable_path/Frameworks";
				PRODUCT_BUNDLE_IDENTIFIER = "AV.Snappy-Snaps";
				PRODUCT_NAME = "$(TARGET_NAME)";
				SWIFT_VERSION = 3.0;
			};
			name = Release;
		};
/* End XCBuildConfiguration section */

/* Begin XCConfigurationList section */
		9B2E7C1A1EC9478D0059B733 /* Build configuration list for PBXProject "Snappy Snaps" */ = {
			isa = XCConfigurationList;
			buildConfigurations = (
				9B2E7C321EC9478D0059B733 /* Debug */,
				9B2E7C331EC9478D0059B733 /* Release */,
			);
			defaultConfigurationIsVisible = 0;
			defaultConfigurationName = Release;
		};
		9B2E7C341EC9478D0059B733 /* Build configuration list for PBXNativeTarget "Snappy Snaps" */ = {
			isa = XCConfigurationList;
			buildConfigurations = (
				9B2E7C351EC9478D0059B733 /* Debug */,
				9B2E7C361EC9478D0059B733 /* Release */,
			);
			defaultConfigurationIsVisible = 0;
		};
/* End XCConfigurationList section */

/* Begin XCVersionGroup section */
		9B2E7C291EC9478D0059B733 /* Snappy_Snaps.xcdatamodeld */ = {
			isa = XCVersionGroup;
			children = (
				9B2E7C2A1EC9478D0059B733 /* Snappy_Snaps.xcdatamodel */,
			);
			currentVersion = 9B2E7C2A1EC9478D0059B733 /* Snappy_Snaps.xcdatamodel */;
			path = Snappy_Snaps.xcdatamodeld;
			sourceTree = "<group>";
			versionGroupType = wrapper.xcdatamodel;
		};
/* End XCVersionGroup section */
	};
	rootObject = 9B2E7C171EC9478D0059B733 /* Project object */;
}
